<Solution>
  <Folder Name="/src/">
    <Project Path="WholesaleManager.Infrastructure/WholesalerManager.Infrastructure.csproj" Id="b3626aed-37e6-44ce-ba83-4f312fccb272" />
    <Project Path="WholesalerManager.Core/WholesalerManager.Core.csproj" Id="55584e2d-7235-4c64-884e-ec577618d47a" />
  </Folder>
  <Folder Name="/tests/" />
  <Project Path="WholesalerManager.UI/WholesalerManager.UI.csproj" />
</Solution>
